
Microsoft Visual Studio Solution File, Format Version 12.00
# Visual Studio Version 17
VisualStudioVersion = 17.9.34728.123
MinimumVisualStudioVersion = 10.0.40219.1
Project("{FAE04EC0-301F-11D3-BF4B-00C04F79EFBC}") = "P2PChat", "P2PChat\P2PChat.csproj", "{D03147C9-E899-4AF8-853B-914A3667871D}"
EndProject
Global
	GlobalSection(SolutionConfigurationPlatforms) = preSolution
		Debug|Any CPU = Debug|Any CPU
		Release|Any CPU = Release|Any CPU
	EndGlobalSection
	GlobalSection(ProjectConfigurationPlatforms) = postSolution
		{D03147C9-E899-4AF8-853B-914A3667871D}.Debug|Any CPU.ActiveCfg = Debug|Any CPU
		{D03147C9-E899-4AF8-853B-914A3667871D}.Debug|Any CPU.Build.0 = Debug|Any CPU
		{D03147C9-E899-4AF8-853B-914A3667871D}.Release|Any CPU.ActiveCfg = Release|Any CPU
		{D03147C9-E899-4AF8-853B-914A3667871D}.Release|Any CPU.Build.0 = Release|Any CPU
	EndGlobalSection
	GlobalSection(SolutionProperties) = preSolution
		HideSolutionNode = FALSE
	EndGlobalSection
	GlobalSection(ExtensibilityGlobals) = postSolution
		SolutionGuid = {41BCB45B-8D95-4DC4-AC99-C50DB3DE700D}
	EndGlobalSection
EndGlobal
